// !$*UTF8*$!
{
	archiveVersion = 1;
	classes = {
	};
	objectVersion = 46;
	objects = {

/* Begin PBXBuildFile section */
		9A523AE71E097FF200371AEB /* AppDelegate.m in Sources */ = {isa = PBXBuildFile; fileRef = 9A523AE61E097FF200371AEB /* AppDelegate.m */; };
		9A523AEA1E097FF200371AEB /* main.m in Sources */ = {isa = PBXBuildFile; fileRef = 9A523AE91E097FF200371AEB /* main.m */; };
		9A523AEC1E097FF200371AEB /* Assets.xcassets in Resources */ = {isa = PBXBuildFile; fileRef = 9A523AEB1E097FF200371AEB /* Assets.xcassets */; };
		9A523AEF1E097FF200371AEB /* MainMenu.xib in Resources */ = {isa = PBXBuildFile; fileRef = 9A523AED1E097FF200371AEB /* MainMenu.xib */; };
/* End PBXBuildFile section */

/* Begin PBXFileReference section */
		9A523AE21E097FF100371AEB /* StackViewTest.app */ = {isa = PBXFileReference; explicitFileType = wrapper.application; includeInIndex = 0; path = StackViewTest.app; sourceTree = BUILT_PRODUCTS_DIR; };
		9A523AE51E097FF200371AEB /* AppDelegate.h */ = {isa = PBXFileReference; lastKnownFileType = sourcecode.c.h; path = AppDelegate.h; sourceTree = "<group>"; };
		9A523AE61E097FF200371AEB /* AppDelegate.m */ = {isa = PBXFileReference; lastKnownFileType = sourcecode.c.objc; path = AppDelegate.m; sourceTree = "<group>"; };
		9A523AE91E097FF200371AEB /* main.m */ = {isa = PBXFileReference; lastKnownFileType = sourcecode.c.objc; path = main.m; sourceTree = "<group>"; };
		9A523AEB1E097FF200371AEB /* Assets.xcassets */ = {isa = PBXFileReference; lastKnownFileType = folder.assetcatalog; path = Assets.xcassets; sourceTree = "<group>"; };
		9A523AEE1E097FF200371AEB /* Base */ = {isa = PBXFileReference; lastKnownFileType = file.xib; name = Base; path = Base.lproj/MainMenu.xib; sourceTree = "<group>"; };
		9A523AF01E097FF200371AEB /* Info.plist */ = {isa = PBXFileReference; lastKnownFileType = text.plist.xml; path = Info.plist; sourceTree = "<group>"; };
/* End PBXFileReference section */

/* Begin PBXFrameworksBuildPhase section */
		9A523ADF1E097FF100371AEB /* Frameworks */ = {
			isa = PBXFrameworksBuildPhase;
			buildActionMask = 2147483647;
			files = (
			);
			runOnlyForDeploymentPostprocessing = 0;
		};
/* End PBXFrameworksBuildPhase section */

/* Begin PBXGroup section */
		9A523AD91E097FF100371AEB = {
			isa = PBXGroup;
			children = (
				9A523AE41E097FF100371AEB /* StackViewTest */,
				9A523AE31E097FF100371AEB /* Products */,
			);
			sourceTree = "<group>";
		};
		9A523AE31E097FF100371AEB /* Products */ = {
			isa = PBXGroup;
			children = (
				9A523AE21E097FF100371AEB /* StackViewTest.app */,
			);
			name = Products;
			sourceTree = "<group>";
		};
		9A523AE41E097FF100371AEB /* StackViewTest */ = {
			isa = PBXGroup;
			children = (
				9A523AE51E097FF200371AEB /* AppDelegate.h */,
				9A523AE61E097FF200371AEB /* AppDelegate.m */,
				9A523AEB1E097FF200371AEB /* Assets.xcassets */,
				9A523AED1E097FF200371AEB /* MainMenu.xib */,
				9A523AF01E097FF200371AEB /* Info.plist */,
				9A523AE81E097FF200371AEB /* Supporting Files */,
			);
			path = StackViewTest;
			sourceTree = "<group>";
		};
		9A523AE81E097FF200371AEB /* Supporting Files */ = {
			isa = PBXGroup;
			children = (
				9A523AE91E097FF200371AEB /* main.m */,
			);
			name = "Supporting Files";
			sourceTree = "<group>";
		};
/* End PBXGroup section */

/* Begin PBXNativeTarget section */
		9A523AE11E097FF100371AEB /* StackViewTest */ = {
			isa = PBXNativeTarget;
			buildConfigurationList = 9A523AF31E097FF200371AEB /* Build configuration list for PBXNativeTarget "StackViewTest" */;
			buildPhases = (
				9A523ADE1E097FF100371AEB /* Sources */,
				9A523ADF1E097FF100371AEB /* Frameworks */,
				9A523AE01E097FF100371AEB /* Resources */,
			);
			buildRules = (
			);
			dependencies = (
			);
			name = StackViewTest;
			productName = StackViewTest;
			productReference = 9A523AE21E097FF100371AEB /* StackViewTest.app */;
			productType = "com.apple.product-type.application";
		};
/* End PBXNativeTarget section */

/* Begin PBXProject section */
		9A523ADA1E097FF100371AEB /* Project object */ = {
			isa = PBXProject;
			attributes = {
				LastUpgradeCheck = 0810;
				ORGANIZATIONNAME = "Pietro Gagliardi";
				TargetAttributes = {
					9A523AE11E097FF100371AEB = {
						CreatedOnToolsVersion = 8.1;
						ProvisioningStyle = Automatic;
					};
				};
			};
			buildConfigurationList = 9A523ADD1E097FF100371AEB /* Build configuration list for PBXProject "StackViewTest" */;
			compatibilityVersion = "Xcode 3.2";
			developmentRegion = English;
			hasScannedForEncodings = 0;
			knownRegions = (
				en,
				Base,
			);
			mainGroup = 9A523AD91E097FF100371AEB;
			productRefGroup = 9A523AE31E097FF100371AEB /* Products */;
			projectDirPath = "";
			projectRoot = "";
			targets = (
				9A523AE11E097FF100371AEB /* StackViewTest */,
			);
		};
/* End PBXProject section */

/* Begin PBXResourcesBuildPhase section */
		9A523AE01E097FF100371AEB /* Resources */ = {
			isa = PBXResourcesBuildPhase;
			buildActionMask = 2147483647;
			files = (
				9A523AEC1E097FF200371AEB /* Assets.xcassets in Resources */,
				9A523AEF1E097FF200371AEB /* MainMenu.xib in Resources */,
			);
			runOnlyForDeploymentPostprocessing = 0;
		};
/* End PBXResourcesBuildPhase section */

/* Begin PBXSourcesBuildPhase section */
		9A523ADE1E097FF100371AEB /* Sources */ = {
			isa = PBXSourcesBuildPhase;
			buildActionMask = 2147483647;
			files = (
				9A523AEA1E097FF200371AEB /* main.m in Sources */,
				9A523AE71E097FF200371AEB /* AppDelegate.m in Sources */,
			);
			runOnlyForDeploymentPostprocessing = 0;
		};
/* End PBXSourcesBuildPhase section */

/* Begin PBXVariantGroup section */
		9A523AED1E097FF200371AEB /* MainMenu.xib */ = {
			isa = PBXVariantGroup;
			children = (
				9A523AEE1E097FF200371AEB /* Base */,
			);
			name = MainMenu.xib;
			sourceTree = "<group>";
		};
/* End PBXVariantGroup section */

/* Begin XCBuildConfiguration section */
		9A523AF11E097FF200371AEB /* Debug */ = {
			isa = XCBuildConfiguration;
			buildSettings = {
				ALWAYS_SEARCH_USER_PATHS = NO;
				CLANG_ANALYZER_NONNULL = YES;
				CLANG_CXX_LANGUAGE_STANDARD = "gnu++0x";
				CLANG_CXX_LIBRARY = "libc++";
				CLANG_ENABLE_MODULES = YES;
				CLANG_ENABLE_OBJC_ARC = YES;
				CLANG_WARN_BOOL_CONVERSION = YES;
				CLANG_WARN_CONSTANT_CONVERSION = YES;
				CLANG_WARN_DIRECT_OBJC_ISA_USAGE = YES_ERROR;
				CLANG_WARN_DOCUMENTATION_COMMENTS = YES;
				CLANG_WARN_EMPTY_BODY = YES;
				CLANG_WARN_ENUM_CONVERSION = YES;
				CLANG_WARN_INFINITE_RECURSION = YES;
				CLANG_WARN_INT_CONVERSION = YES;
				CLANG_WARN_OBJC_ROOT_CLASS = YES_ERROR;
				CLANG_WARN_SUSPICIOUS_MOVES = YES;
				CLANG_WARN_UNREACHABLE_CODE = YES;
				CLANG_WARN__DUPLICATE_METHOD_MATCH = YES;
				CODE_SIGN_IDENTITY = "-";
				COPY_PHASE_STRIP = NO;
				DEBUG_INFORMATION_FORMAT = dwarf;
				ENABLE_STRICT_OBJC_MSGSEND = YES;
				ENABLE_TESTABILITY = YES;
				GCC_C_LANGUAGE_STANDARD = gnu99;
				GCC_DYNAMIC_NO_PIC = NO;
				GCC_NO_COMMON_BLOCKS = YES;
				GCC_OPTIMIZATION_LEVEL = 0;
				GCC_PREPROCESSOR_DEFINITIONS = (
					"DEBUG=1",
					"$(inherited)",
				);
				GCC_WARN_64_TO_32_BIT_CONVERSION = YES;
				GCC_WARN_ABOUT_RETURN_TYPE = YES_ERROR;
				GCC_WARN_UNDECLARED_SELECTOR = YES;
				GCC_WARN_UNINITIALIZED_AUTOS = YES_AGGRESSIVE;
				GCC_WARN_UNUSED_FUNCTION = YES;
				GCC_WARN_UNUSED_VARIABLE = YES;
				MACOSX_DEPLOYMENT_TARGET = 10.11;
				MTL_ENABLE_DEBUG_INFO = YES;
				ONLY_ACTIVE_ARCH = YES;
				SDKROOT = macosx;
			};
			name = Debug;
		};
		9A523AF21E097FF200371AEB /* Release */ = {
			isa = XCBuildConfiguration;
			buildSettings = {
				ALWAYS_SEARCH_USER_PATHS = NO;
				CLANG_ANALYZER_NONNULL = YES;
				CLANG_CXX_LANGUAGE_STANDARD = "gnu++0x";
				CLANG_CXX_LIBRARY = "libc++";
				CLANG_ENABLE_MODULES = YES;
				CLANG_ENABLE_OBJC_ARC = YES;
				CLANG_WARN_BOOL_CONVERSION = YES;
				CLANG_WARN_CONSTANT_CONVERSION = YES;
				CLANG_WARN_DIRECT_OBJC_ISA_USAGE = YES_ERROR;
				CLANG_WARN_DOCUMENTATION_COMMENTS = YES;
				CLANG_WARN_EMPTY_BODY = YES;
				CLANG_WARN_ENUM_CONVERSION = YES;
				CLANG_WARN_INFINITE_RECURSION = YES;
				CLANG_WARN_INT_CONVERSION = YES;
				CLANG_WARN_OBJC_ROOT_CLASS = YES_ERROR;
				CLANG_WARN_SUSPICIOUS_MOVES = YES;
				CLANG_WARN_UNREACHABLE_CODE = YES;
				CLANG_WARN__DUPLICATE_METHOD_MATCH = YES;
				CODE_SIGN_IDENTITY = "-";
				COPY_PHASE_STRIP = NO;
				DEBUG_INFORMATION_FORMAT = "dwarf-with-dsym";
				ENABLE_NS_ASSERTIONS = NO;
				ENABLE_STRICT_OBJC_MSGSEND = YES;
				GCC_C_LANGUAGE_STANDARD = gnu99;
				GCC_NO_COMMON_BLOCKS = YES;
				GCC_WARN_64_TO_32_BIT_CONVERSION = YES;
				GCC_WARN_ABOUT_RETURN_TYPE = YES_ERROR;
				GCC_WARN_UNDECLARED_SELECTOR = YES;
				GCC_WARN_UNINITIALIZED_AUTOS = YES_AGGRESSIVE;
				GCC_WARN_UNUSED_FUNCTION = YES;
				GCC_WARN_UNUSED_VARIABLE = YES;
				MACOSX_DEPLOYMENT_TARGET = 10.11;
				MTL_ENABLE_DEBUG_INFO = NO;
				SDKROOT = macosx;
			};
			name = Release;
		};
		9A523AF41E097FF200371AEB /* Debug */ = {
			isa = XCBuildConfiguration;
			buildSettings = {
				ASSETCATALOG_COMPILER_APPICON_NAME = AppIcon;
				COMBINE_HIDPI_IMAGES = YES;
				INFOPLIST_FILE = StackViewTest/Info.plist;
				LD_RUNPATH_SEARCH_PATHS = "$(inherited) @executable_path/../Frameworks";
				PRODUCT_BUNDLE_IDENTIFIER = com.andlabs.StackViewTest;
				PRODUCT_NAME = "$(TARGET_NAME)";
			};
			name = Debug;
		};
		9A523AF51E097FF200371AEB /* Release */ = {
			isa = XCBuildConfiguration;
			buildSettings = {
				ASSETCATALOG_COMPILER_APPICON_NAME = AppIcon;
				COMBINE_HIDPI_IMAGES = YES;
				INFOPLIST_FILE = StackViewTest/Info.plist;
				LD_RUNPATH_SEARCH_PATHS = "$(inherited) @executable_path/../Frameworks";
				PRODUCT_BUNDLE_IDENTIFIER = com.andlabs.StackViewTest;
				PRODUCT_NAME = "$(TARGET_NAME)";
			};
			name = Release;
		};
/* End XCBuildConfiguration section */

/* Begin XCConfigurationList section */
		9A523ADD1E097FF100371AEB /* Build configuration list for PBXProject "StackViewTest" */ = {
			isa = XCConfigurationList;
			buildConfigurations = (
				9A523AF11E097FF200371AEB /* Debug */,
				9A523AF21E097FF200371AEB /* Release */,
			);
			defaultConfigurationIsVisible = 0;
			defaultConfigurationName = Release;
		};
		9A523AF31E097FF200371AEB /* Build configuration list for PBXNativeTarget "StackViewTest" */ = {
			isa = XCConfigurationList;
			buildConfigurations = (
				9A523AF41E097FF200371AEB /* Debug */,
				9A523AF51E097FF200371AEB /* Release */,
			);
			defaultConfigurationIsVisible = 0;
		};
/* End XCConfigurationList section */
	};
	rootObject = 9A523ADA1E097FF100371AEB /* Project object */;
}
